dependencies:
  espressif/mdns:
    component_hash: 
      29e47564b1a7ee778135e17fbbf2a2773f71c97ebabfe626c8eda7c958a7ad16
    dependencies:
    - name: idf
      require: private
      version: '>=5.0'
    source:
      registry_url: https://components.espressif.com/
      type: service
    version: 1.9.1
  idf:
    source:
      type: idf
    version: 5.2.2
direct_dependencies:
- espressif/mdns
- idf
manifest_hash: dcb2d608344de05d3f90a696f84eb68e60da8ac20e6d3f1447f8c8ec4719a27d
target: esp32
version: 2.0.0
