dependencies:
  espressif/mdns:
    component_hash: 
      29e47564b1a7ee778135e17fbbf2a2773f71c97ebabfe626c8eda7c958a7ad16
    dependencies:
    - name: idf
      require: private
      version: '>=5.0'
    source:
      registry_url: https://components.espressif.com/
      type: service
    version: 1.9.1
  idf:
    source:
      type: idf
    version: 5.2.2
direct_dependencies:
- espressif/mdns
- idf
manifest_hash: 9400a959c03e58f32a0bd25729632c085374cd8beecfbaea14a6a83a974e9065
target: esp32s3
version: 2.0.0
